<?xml version="1.0" encoding="utf-8"?>
<Project ToolsVersion="4.0" xmlns="http://schemas.microsoft.com/developer/msbuild/2003">
  <ItemGroup>
    <Filter Include="소스 파일">
      <UniqueIdentifier>{4FC737F1-C7A5-4376-A066-2A32D752A2FF}</UniqueIdentifier>
      <Extensions>cpp;c;cc;cxx;c++;cppm;ixx;def;odl;idl;hpj;bat;asm;asmx</Extensions>
    </Filter>
    <Filter Include="헤더 파일">
      <UniqueIdentifier>{93995380-89BD-4b04-88EB-625FBE52EBFB}</UniqueIdentifier>
      <Extensions>h;hh;hpp;hxx;h++;hm;inl;inc;ipp;xsd</Extensions>
    </Filter>
    <Filter Include="리소스 파일">
      <UniqueIdentifier>{67DA6AB6-F800-4c08-8B7A-83BB121AAD01}</UniqueIdentifier>
      <Extensions>rc;ico;cur;bmp;dlg;rc2;rct;bin;rgs;gif;jpg;jpeg;jpe;resx;tiff;tif;png;wav;mfcribbon-ms</Extensions>
    </Filter>
    <Filter Include="소스 파일\00.MainGame">
      <UniqueIdentifier>{e2405f14-31c3-427d-9fc8-a3fa657cae36}</UniqueIdentifier>
    </Filter>
    <Filter Include="소스 파일\01.Object">
      <UniqueIdentifier>{0d18fb8f-d2e1-4d42-8a15-9b4873e29390}</UniqueIdentifier>
    </Filter>
    <Filter Include="소스 파일\02.Scene">
      <UniqueIdentifier>{37862596-f533-4bc4-80cc-07e41bbe2c01}</UniqueIdentifier>
    </Filter>
    <Filter Include="소스 파일\98.Util">
      <UniqueIdentifier>{960acab5-a51e-4b17-9c8d-c3c31765dbdd}</UniqueIdentifier>
    </Filter>
    <Filter Include="소스 파일\99.Main">
      <UniqueIdentifier>{91a04462-f540-492a-b69a-eb19820a9869}</UniqueIdentifier>
    </Filter>
    <Filter Include="소스 파일\02.Scene\Implementation">
      <UniqueIdentifier>{7354823e-df22-43bb-a5a5-8e5a14dfbe54}</UniqueIdentifier>
    </Filter>
    <Filter Include="소스 파일\01.Object\Implementation">
      <UniqueIdentifier>{dfb062c8-c54f-480e-9bf6-f85bd17dbe27}</UniqueIdentifier>
    </Filter>
  </ItemGroup>
  <ItemGroup>
    <ClCompile Include="Main.cpp">
      <Filter>소스 파일\99.Main</Filter>
    </ClCompile>
    <ClCompile Include="MainGame.cpp">
      <Filter>소스 파일\00.MainGame</Filter>
    </ClCompile>
    <ClCompile Include="SceneManager.cpp">
      <Filter>소스 파일\02.Scene</Filter>
    </ClCompile>
    <ClCompile Include="Scene.cpp">
      <Filter>소스 파일\02.Scene</Filter>
    </ClCompile>
    <ClCompile Include="GameOver.cpp">
      <Filter>소스 파일\02.Scene\Implementation</Filter>
    </ClCompile>
    <ClCompile Include="Ingame.cpp">
      <Filter>소스 파일\02.Scene\Implementation</Filter>
    </ClCompile>
    <ClCompile Include="Title.cpp">
      <Filter>소스 파일\02.Scene\Implementation</Filter>
    </ClCompile>
    <ClCompile Include="Panel.cpp">
      <Filter>소스 파일\98.Util</Filter>
    </ClCompile>
    <ClCompile Include="Object.cpp">
      <Filter>소스 파일\01.Object</Filter>
    </ClCompile>
    <ClCompile Include="Player.cpp">
      <Filter>소스 파일\01.Object\Implementation</Filter>
    </ClCompile>
    <ClCompile Include="Monster.cpp">
      <Filter>소스 파일\01.Object\Implementation</Filter>
    </ClCompile>
    <ClCompile Include="Bullet.cpp">
      <Filter>소스 파일\01.Object\Implementation</Filter>
    </ClCompile>
  </ItemGroup>
  <ItemGroup>
    <ClInclude Include="Define.h">
      <Filter>소스 파일\99.Main</Filter>
    </ClInclude>
    <ClInclude Include="Include.h">
      <Filter>소스 파일\99.Main</Filter>
    </ClInclude>
    <ClInclude Include="MainGame.h">
      <Filter>소스 파일\00.MainGame</Filter>
    </ClInclude>
    <ClInclude Include="SceneManager.h">
      <Filter>소스 파일\02.Scene</Filter>
    </ClInclude>
    <ClInclude Include="Scene.h">
      <Filter>소스 파일\02.Scene</Filter>
    </ClInclude>
    <ClInclude Include="GameOver.h">
      <Filter>소스 파일\02.Scene\Implementation</Filter>
    </ClInclude>
    <ClInclude Include="Ingame.h">
      <Filter>소스 파일\02.Scene\Implementation</Filter>
    </ClInclude>
    <ClInclude Include="Title.h">
      <Filter>소스 파일\02.Scene\Implementation</Filter>
    </ClInclude>
    <ClInclude Include="Panel.h">
      <Filter>소스 파일\98.Util</Filter>
    </ClInclude>
    <ClInclude Include="Object.h">
      <Filter>소스 파일\01.Object</Filter>
    </ClInclude>
    <ClInclude Include="Player.h">
      <Filter>소스 파일\01.Object\Implementation</Filter>
    </ClInclude>
    <ClInclude Include="Monster.h">
      <Filter>소스 파일\01.Object\Implementation</Filter>
    </ClInclude>
    <ClInclude Include="Bullet.h">
      <Filter>소스 파일\01.Object\Implementation</Filter>
    </ClInclude>
  </ItemGroup>
</Project>